
Microsoft Visual Studio Solution File, Format Version 12.00
# Visual Studio 15
VisualStudioVersion = 15.0.28307.1082
MinimumVisualStudioVersion = 10.0.40219.1
Project("{8BC9CEB8-8B4A-11D0-8D11-00A0C91BC942}") = "nbench", "nbench.vcxproj", "{976CEFD9-F8A5-4C44-A6DB-989145C85C9B}"
EndProject
Global
	GlobalSection(SolutionConfigurationPlatforms) = preSolution
		Debug|x64 = Debug|x64
		Debug|x86 = Debug|x86
		Release|x64 = Release|x64
		Release|x86 = Release|x86
	EndGlobalSection
	GlobalSection(ProjectConfigurationPlatforms) = postSolution
		{976CEFD9-F8A5-4C44-A6DB-989145C85C9B}.Debug|x64.ActiveCfg = Debug|x64
		{976CEFD9-F8A5-4C44-A6DB-989145C85C9B}.Debug|x64.Build.0 = Debug|x64
		{976CEFD9-F8A5-4C44-A6DB-989145C85C9B}.Debug|x86.ActiveCfg = Debug|Win32
		{976CEFD9-F8A5-4C44-A6DB-989145C85C9B}.Debug|x86.Build.0 = Debug|Win32
		{976CEFD9-F8A5-4C44-A6DB-989145C85C9B}.Release|x64.ActiveCfg = Release|x64
		{976CEFD9-F8A5-4C44-A6DB-989145C85C9B}.Release|x64.Build.0 = Release|x64
		{976CEFD9-F8A5-4C44-A6DB-989145C85C9B}.Release|x86.ActiveCfg = Release|Win32
		{976CEFD9-F8A5-4C44-A6DB-989145C85C9B}.Release|x86.Build.0 = Release|Win32
	EndGlobalSection
	GlobalSection(SolutionProperties) = preSolution
		HideSolutionNode = FALSE
	EndGlobalSection
	GlobalSection(ExtensibilityGlobals) = postSolution
		SolutionGuid = {7019EDA9-5743-4BE7-9451-26A8CF44B576}
	EndGlobalSection
EndGlobal
